// !$*UTF8*$!
{
	archiveVersion = 1;
	classes = {
	};
	objectVersion = 46;
	objects = {

/* Begin PBXBuildFile section */
		57349ACB1F6FD1B20028915D /* main.swift in Sources */ = {isa = PBXBuildFile; fileRef = 57349ACA1F6FD1B20028915D /* main.swift */; };
		57349AD41F6FD1DA0028915D /* Book.swift in Sources */ = {isa = PBXBuildFile; fileRef = 57349AD11F6FD1DA0028915D /* Book.swift */; };
		57349AD51F6FD1DA0028915D /* Library.swift in Sources */ = {isa = PBXBuildFile; fileRef = 57349AD21F6FD1DA0028915D /* Library.swift */; };
		57349AD61F6FD1DA0028915D /* Pool.swift in Sources */ = {isa = PBXBuildFile; fileRef = 57349AD31F6FD1DA0028915D /* Pool.swift */; };
/* End PBXBuildFile section */

/* Begin PBXCopyFilesBuildPhase section */
		57349AC51F6FD1B20028915D /* CopyFiles */ = {
			isa = PBXCopyFilesBuildPhase;
			buildActionMask = 2147483647;
			dstPath = /usr/share/man/man1/;
			dstSubfolderSpec = 0;
			files = (
			);
			runOnlyForDeploymentPostprocessing = 1;
		};
/* End PBXCopyFilesBuildPhase section */

/* Begin PBXFileReference section */
		57349AC71F6FD1B20028915D /* ObjectPoolPattern */ = {isa = PBXFileReference; explicitFileType = "compiled.mach-o.executable"; includeInIndex = 0; path = ObjectPoolPattern; sourceTree = BUILT_PRODUCTS_DIR; };
		57349ACA1F6FD1B20028915D /* main.swift */ = {isa = PBXFileReference; lastKnownFileType = sourcecode.swift; path = main.swift; sourceTree = "<group>"; };
		57349AD11F6FD1DA0028915D /* Book.swift */ = {isa = PBXFileReference; fileEncoding = 4; lastKnownFileType = sourcecode.swift; path = Book.swift; sourceTree = "<group>"; };
		57349AD21F6FD1DA0028915D /* Library.swift */ = {isa = PBXFileReference; fileEncoding = 4; lastKnownFileType = sourcecode.swift; path = Library.swift; sourceTree = "<group>"; };
		57349AD31F6FD1DA0028915D /* Pool.swift */ = {isa = PBXFileReference; fileEncoding = 4; lastKnownFileType = sourcecode.swift; path = Pool.swift; sourceTree = "<group>"; };
/* End PBXFileReference section */

/* Begin PBXFrameworksBuildPhase section */
		57349AC41F6FD1B20028915D /* Frameworks */ = {
			isa = PBXFrameworksBuildPhase;
			buildActionMask = 2147483647;
			files = (
			);
			runOnlyForDeploymentPostprocessing = 0;
		};
/* End PBXFrameworksBuildPhase section */

/* Begin PBXGroup section */
		57349ABE1F6FD1B20028915D = {
			isa = PBXGroup;
			children = (
				57349AC91F6FD1B20028915D /* ObjectPoolPattern */,
				57349AC81F6FD1B20028915D /* Products */,
			);
			sourceTree = "<group>";
		};
		57349AC81F6FD1B20028915D /* Products */ = {
			isa = PBXGroup;
			children = (
				57349AC71F6FD1B20028915D /* ObjectPoolPattern */,
			);
			name = Products;
			sourceTree = "<group>";
		};
		57349AC91F6FD1B20028915D /* ObjectPoolPattern */ = {
			isa = PBXGroup;
			children = (
				57349AD11F6FD1DA0028915D /* Book.swift */,
				57349AD21F6FD1DA0028915D /* Library.swift */,
				57349AD31F6FD1DA0028915D /* Pool.swift */,
				57349ACA1F6FD1B20028915D /* main.swift */,
			);
			path = ObjectPoolPattern;
			sourceTree = "<group>";
		};
/* End PBXGroup section */

/* Begin PBXNativeTarget section */
		57349AC61F6FD1B20028915D /* ObjectPoolPattern */ = {
			isa = PBXNativeTarget;
			buildConfigurationList = 57349ACE1F6FD1B20028915D /* Build configuration list for PBXNativeTarget "ObjectPoolPattern" */;
			buildPhases = (
				57349AC31F6FD1B20028915D /* Sources */,
				57349AC41F6FD1B20028915D /* Frameworks */,
				57349AC51F6FD1B20028915D /* CopyFiles */,
			);
			buildRules = (
			);
			dependencies = (
			);
			name = ObjectPoolPattern;
			productName = ObjectPoolPattern;
			productReference = 57349AC71F6FD1B20028915D /* ObjectPoolPattern */;
			productType = "com.apple.product-type.tool";
		};
/* End PBXNativeTarget section */

/* Begin PBXProject section */
		57349ABF1F6FD1B20028915D /* Project object */ = {
			isa = PBXProject;
			attributes = {
				LastSwiftUpdateCheck = 0830;
				LastUpgradeCheck = 0830;
				ORGANIZATIONNAME = victor;
				TargetAttributes = {
					57349AC61F6FD1B20028915D = {
						CreatedOnToolsVersion = 8.3.3;
						DevelopmentTeam = BQR3YEY99B;
						ProvisioningStyle = Automatic;
					};
				};
			};
			buildConfigurationList = 57349AC21F6FD1B20028915D /* Build configuration list for PBXProject "ObjectPoolPattern" */;
			compatibilityVersion = "Xcode 3.2";
			developmentRegion = English;
			hasScannedForEncodings = 0;
			knownRegions = (
				en,
			);
			mainGroup = 57349ABE1F6FD1B20028915D;
			productRefGroup = 57349AC81F6FD1B20028915D /* Products */;
			projectDirPath = "";
			projectRoot = "";
			targets = (
				57349AC61F6FD1B20028915D /* ObjectPoolPattern */,
			);
		};
/* End PBXProject section */

/* Begin PBXSourcesBuildPhase section */
		57349AC31F6FD1B20028915D /* Sources */ = {
			isa = PBXSourcesBuildPhase;
			buildActionMask = 2147483647;
			files = (
				57349AD41F6FD1DA0028915D /* Book.swift in Sources */,
				57349ACB1F6FD1B20028915D /* main.swift in Sources */,
				57349AD51F6FD1DA0028915D /* Library.swift in Sources */,
				57349AD61F6FD1DA0028915D /* Pool.swift in Sources */,
			);
			runOnlyForDeploymentPostprocessing = 0;
		};
/* End PBXSourcesBuildPhase section */

/* Begin XCBuildConfiguration section */
		57349ACC1F6FD1B20028915D /* Debug */ = {
			isa = XCBuildConfiguration;
			buildSettings = {
				ALWAYS_SEARCH_USER_PATHS = NO;
				CLANG_ANALYZER_NONNULL = YES;
				CLANG_ANALYZER_NUMBER_OBJECT_CONVERSION = YES_AGGRESSIVE;
				CLANG_CXX_LANGUAGE_STANDARD = "gnu++0x";
				CLANG_CXX_LIBRARY = "libc++";
				CLANG_ENABLE_MODULES = YES;
				CLANG_ENABLE_OBJC_ARC = YES;
				CLANG_WARN_BOOL_CONVERSION = YES;
				CLANG_WARN_CONSTANT_CONVERSION = YES;
				CLANG_WARN_DIRECT_OBJC_ISA_USAGE = YES_ERROR;
				CLANG_WARN_DOCUMENTATION_COMMENTS = YES;
				CLANG_WARN_EMPTY_BODY = YES;
				CLANG_WARN_ENUM_CONVERSION = YES;
				CLANG_WARN_INFINITE_RECURSION = YES;
				CLANG_WARN_INT_CONVERSION = YES;
				CLANG_WARN_OBJC_ROOT_CLASS = YES_ERROR;
				CLANG_WARN_SUSPICIOUS_MOVE = YES;
				CLANG_WARN_UNREACHABLE_CODE = YES;
				CLANG_WARN__DUPLICATE_METHOD_MATCH = YES;
				CODE_SIGN_IDENTITY = "-";
				COPY_PHASE_STRIP = NO;
				DEBUG_INFORMATION_FORMAT = dwarf;
				ENABLE_STRICT_OBJC_MSGSEND = YES;
				ENABLE_TESTABILITY = YES;
				GCC_C_LANGUAGE_STANDARD = gnu99;
				GCC_DYNAMIC_NO_PIC = NO;
				GCC_NO_COMMON_BLOCKS = YES;
				GCC_OPTIMIZATION_LEVEL = 0;
				GCC_PREPROCESSOR_DEFINITIONS = (
					"DEBUG=1",
					"$(inherited)",
				);
				GCC_WARN_64_TO_32_BIT_CONVERSION = YES;
				GCC_WARN_ABOUT_RETURN_TYPE = YES_ERROR;
				GCC_WARN_UNDECLARED_SELECTOR = YES;
				GCC_WARN_UNINITIALIZED_AUTOS = YES_AGGRESSIVE;
				GCC_WARN_UNUSED_FUNCTION = YES;
				GCC_WARN_UNUSED_VARIABLE = YES;
				MACOSX_DEPLOYMENT_TARGET = 10.12;
				MTL_ENABLE_DEBUG_INFO = YES;
				ONLY_ACTIVE_ARCH = YES;
				SDKROOT = macosx;
				SWIFT_OPTIMIZATION_LEVEL = "-Onone";
			};
			name = Debug;
		};
		57349ACD1F6FD1B20028915D /* Release */ = {
			isa = XCBuildConfiguration;
			buildSettings = {
				ALWAYS_SEARCH_USER_PATHS = NO;
				CLANG_ANALYZER_NONNULL = YES;
				CLANG_ANALYZER_NUMBER_OBJECT_CONVERSION = YES_AGGRESSIVE;
				CLANG_CXX_LANGUAGE_STANDARD = "gnu++0x";
				CLANG_CXX_LIBRARY = "libc++";
				CLANG_ENABLE_MODULES = YES;
				CLANG_ENABLE_OBJC_ARC = YES;
				CLANG_WARN_BOOL_CONVERSION = YES;
				CLANG_WARN_CONSTANT_CONVERSION = YES;
				CLANG_WARN_DIRECT_OBJC_ISA_USAGE = YES_ERROR;
				CLANG_WARN_DOCUMENTATION_COMMENTS = YES;
				CLANG_WARN_EMPTY_BODY = YES;
				CLANG_WARN_ENUM_CONVERSION = YES;
				CLANG_WARN_INFINITE_RECURSION = YES;
				CLANG_WARN_INT_CONVERSION = YES;
				CLANG_WARN_OBJC_ROOT_CLASS = YES_ERROR;
				CLANG_WARN_SUSPICIOUS_MOVE = YES;
				CLANG_WARN_UNREACHABLE_CODE = YES;
				CLANG_WARN__DUPLICATE_METHOD_MATCH = YES;
				CODE_SIGN_IDENTITY = "-";
				COPY_PHASE_STRIP = NO;
				DEBUG_INFORMATION_FORMAT = "dwarf-with-dsym";
				ENABLE_NS_ASSERTIONS = NO;
				ENABLE_STRICT_OBJC_MSGSEND = YES;
				GCC_C_LANGUAGE_STANDARD = gnu99;
				GCC_NO_COMMON_BLOCKS = YES;
				GCC_WARN_64_TO_32_BIT_CONVERSION = YES;
				GCC_WARN_ABOUT_RETURN_TYPE = YES_ERROR;
				GCC_WARN_UNDECLARED_SELECTOR = YES;
				GCC_WARN_UNINITIALIZED_AUTOS = YES_AGGRESSIVE;
				GCC_WARN_UNUSED_FUNCTION = YES;
				GCC_WARN_UNUSED_VARIABLE = YES;
				MACOSX_DEPLOYMENT_TARGET = 10.12;
				MTL_ENABLE_DEBUG_INFO = NO;
				SDKROOT = macosx;
			};
			name = Release;
		};
		57349ACF1F6FD1B20028915D /* Debug */ = {
			isa = XCBuildConfiguration;
			buildSettings = {
				DEVELOPMENT_TEAM = BQR3YEY99B;
				PRODUCT_NAME = "$(TARGET_NAME)";
				SWIFT_VERSION = 3.0;
			};
			name = Debug;
		};
		57349AD01F6FD1B20028915D /* Release */ = {
			isa = XCBuildConfiguration;
			buildSettings = {
				DEVELOPMENT_TEAM = BQR3YEY99B;
				PRODUCT_NAME = "$(TARGET_NAME)";
				SWIFT_VERSION = 3.0;
			};
			name = Release;
		};
/* End XCBuildConfiguration section */

/* Begin XCConfigurationList section */
		57349AC21F6FD1B20028915D /* Build configuration list for PBXProject "ObjectPoolPattern" */ = {
			isa = XCConfigurationList;
			buildConfigurations = (
				57349ACC1F6FD1B20028915D /* Debug */,
				57349ACD1F6FD1B20028915D /* Release */,
			);
			defaultConfigurationIsVisible = 0;
			defaultConfigurationName = Release;
		};
		57349ACE1F6FD1B20028915D /* Build configuration list for PBXNativeTarget "ObjectPoolPattern" */ = {
			isa = XCConfigurationList;
			buildConfigurations = (
				57349ACF1F6FD1B20028915D /* Debug */,
				57349AD01F6FD1B20028915D /* Release */,
			);
			defaultConfigurationIsVisible = 0;
		};
/* End XCConfigurationList section */
	};
	rootObject = 57349ABF1F6FD1B20028915D /* Project object */;
}
